
Microsoft Visual Studio Solution File, Format Version 12.00
# Visual Studio Version 16
VisualStudioVersion = 16.0.31410.357
MinimumVisualStudioVersion = 10.0.40219.1
Project("{2150E333-8FDC-42A3-9474-1A3956D46DE8}") = "Services", "Services", "{805D0CB0-E69A-4414-B078-E659A814C0AD}"
EndProject
Project("{2150E333-8FDC-42A3-9474-1A3956D46DE8}") = "Catalog", "Catalog", "{71606101-0AFA-439C-A621-19717E828EEF}"
EndProject
Project("{FAE04EC0-301F-11D3-BF4B-00C04F79EFBC}") = "Catalog.API", "Services\Catalog\Catalog.API\Catalog.API.csproj", "{1A489FB2-3A1D-43B1-A959-A4C31B3E2609}"
EndProject
Global
	GlobalSection(SolutionConfigurationPlatforms) = preSolution
		Debug|Any CPU = Debug|Any CPU
		Release|Any CPU = Release|Any CPU
	EndGlobalSection
	GlobalSection(ProjectConfigurationPlatforms) = postSolution
		{1A489FB2-3A1D-43B1-A959-A4C31B3E2609}.Debug|Any CPU.ActiveCfg = Debug|Any CPU
		{1A489FB2-3A1D-43B1-A959-A4C31B3E2609}.Debug|Any CPU.Build.0 = Debug|Any CPU
		{1A489FB2-3A1D-43B1-A959-A4C31B3E2609}.Release|Any CPU.ActiveCfg = Release|Any CPU
		{1A489FB2-3A1D-43B1-A959-A4C31B3E2609}.Release|Any CPU.Build.0 = Release|Any CPU
	EndGlobalSection
	GlobalSection(SolutionProperties) = preSolution
		HideSolutionNode = FALSE
	EndGlobalSection
	GlobalSection(NestedProjects) = preSolution
		{71606101-0AFA-439C-A621-19717E828EEF} = {805D0CB0-E69A-4414-B078-E659A814C0AD}
		{1A489FB2-3A1D-43B1-A959-A4C31B3E2609} = {71606101-0AFA-439C-A621-19717E828EEF}
	EndGlobalSection
	GlobalSection(ExtensibilityGlobals) = postSolution
		SolutionGuid = {7497906B-1899-40F0-8F23-4ED2C7356FAD}
	EndGlobalSection
EndGlobal
